
Microsoft Visual Studio Solution File, Format Version 12.00
# Visual Studio Version 17
VisualStudioVersion = 17.5.2.0
MinimumVisualStudioVersion = 10.0.40219.1
Project("{FAE04EC0-301F-11D3-BF4B-00C04F79EFBC}") = "sneaky-snake", "cs\sneaky-snake.csproj", "{C2B9A492-D5E2-4F2E-6856-CE8104140E99}"
EndProject
Project("{2150E333-8FDC-42A3-9474-1A3956D46DE8}") = "tests", "tests", "{910C9397-1A78-4A8B-B2FD-883B03927110}"
EndProject
Project("{2150E333-8FDC-42A3-9474-1A3956D46DE8}") = "AnECS", "AnECS", "{5FE38CBF-45CC-D7F5-FBDC-06C5BE00DFE3}"
EndProject
Project("{FAE04EC0-301F-11D3-BF4B-00C04F79EFBC}") = "ecs", "AnECS\ecs.csproj", "{D83B4F46-5842-4C7D-A07D-A9B0F5BB1D30}"
EndProject
Project("{FAE04EC0-301F-11D3-BF4B-00C04F79EFBC}") = "AnECS.Tests", "tests\AnECS.Tests\AnECS.Tests.csproj", "{954E9BA4-07DE-4CF2-879F-9CD114BF0893}"
EndProject
Global
	GlobalSection(SolutionConfigurationPlatforms) = preSolution
		Debug|Any CPU = Debug|Any CPU
		Debug|x64 = Debug|x64
		Debug|x86 = Debug|x86
		Release|Any CPU = Release|Any CPU
		Release|x64 = Release|x64
		Release|x86 = Release|x86
	EndGlobalSection
	GlobalSection(ProjectConfigurationPlatforms) = postSolution
		{C2B9A492-D5E2-4F2E-6856-CE8104140E99}.Debug|Any CPU.ActiveCfg = Debug|Any CPU
		{C2B9A492-D5E2-4F2E-6856-CE8104140E99}.Debug|Any CPU.Build.0 = Debug|Any CPU
		{C2B9A492-D5E2-4F2E-6856-CE8104140E99}.Debug|x64.ActiveCfg = Debug|Any CPU
		{C2B9A492-D5E2-4F2E-6856-CE8104140E99}.Debug|x64.Build.0 = Debug|Any CPU
		{C2B9A492-D5E2-4F2E-6856-CE8104140E99}.Debug|x86.ActiveCfg = Debug|Any CPU
		{C2B9A492-D5E2-4F2E-6856-CE8104140E99}.Debug|x86.Build.0 = Debug|Any CPU
		{C2B9A492-D5E2-4F2E-6856-CE8104140E99}.Release|Any CPU.ActiveCfg = Release|Any CPU
		{C2B9A492-D5E2-4F2E-6856-CE8104140E99}.Release|Any CPU.Build.0 = Release|Any CPU
		{C2B9A492-D5E2-4F2E-6856-CE8104140E99}.Release|x64.ActiveCfg = Release|Any CPU
		{C2B9A492-D5E2-4F2E-6856-CE8104140E99}.Release|x64.Build.0 = Release|Any CPU
		{C2B9A492-D5E2-4F2E-6856-CE8104140E99}.Release|x86.ActiveCfg = Release|Any CPU
		{C2B9A492-D5E2-4F2E-6856-CE8104140E99}.Release|x86.Build.0 = Release|Any CPU
		{D83B4F46-5842-4C7D-A07D-A9B0F5BB1D30}.Debug|Any CPU.ActiveCfg = Debug|Any CPU
		{D83B4F46-5842-4C7D-A07D-A9B0F5BB1D30}.Debug|Any CPU.Build.0 = Debug|Any CPU
		{D83B4F46-5842-4C7D-A07D-A9B0F5BB1D30}.Debug|x64.ActiveCfg = Debug|Any CPU
		{D83B4F46-5842-4C7D-A07D-A9B0F5BB1D30}.Debug|x64.Build.0 = Debug|Any CPU
		{D83B4F46-5842-4C7D-A07D-A9B0F5BB1D30}.Debug|x86.ActiveCfg = Debug|Any CPU
		{D83B4F46-5842-4C7D-A07D-A9B0F5BB1D30}.Debug|x86.Build.0 = Debug|Any CPU
		{D83B4F46-5842-4C7D-A07D-A9B0F5BB1D30}.Release|Any CPU.ActiveCfg = Release|Any CPU
		{D83B4F46-5842-4C7D-A07D-A9B0F5BB1D30}.Release|Any CPU.Build.0 = Release|Any CPU
		{D83B4F46-5842-4C7D-A07D-A9B0F5BB1D30}.Release|x64.ActiveCfg = Release|Any CPU
		{D83B4F46-5842-4C7D-A07D-A9B0F5BB1D30}.Release|x64.Build.0 = Release|Any CPU
		{D83B4F46-5842-4C7D-A07D-A9B0F5BB1D30}.Release|x86.ActiveCfg = Release|Any CPU
		{D83B4F46-5842-4C7D-A07D-A9B0F5BB1D30}.Release|x86.Build.0 = Release|Any CPU
		{954E9BA4-07DE-4CF2-879F-9CD114BF0893}.Debug|Any CPU.ActiveCfg = Debug|Any CPU
		{954E9BA4-07DE-4CF2-879F-9CD114BF0893}.Debug|Any CPU.Build.0 = Debug|Any CPU
		{954E9BA4-07DE-4CF2-879F-9CD114BF0893}.Debug|x64.ActiveCfg = Debug|Any CPU
		{954E9BA4-07DE-4CF2-879F-9CD114BF0893}.Debug|x64.Build.0 = Debug|Any CPU
		{954E9BA4-07DE-4CF2-879F-9CD114BF0893}.Debug|x86.ActiveCfg = Debug|Any CPU
		{954E9BA4-07DE-4CF2-879F-9CD114BF0893}.Debug|x86.Build.0 = Debug|Any CPU
		{954E9BA4-07DE-4CF2-879F-9CD114BF0893}.Release|Any CPU.ActiveCfg = Release|Any CPU
		{954E9BA4-07DE-4CF2-879F-9CD114BF0893}.Release|Any CPU.Build.0 = Release|Any CPU
		{954E9BA4-07DE-4CF2-879F-9CD114BF0893}.Release|x64.ActiveCfg = Release|Any CPU
		{954E9BA4-07DE-4CF2-879F-9CD114BF0893}.Release|x64.Build.0 = Release|Any CPU
		{954E9BA4-07DE-4CF2-879F-9CD114BF0893}.Release|x86.ActiveCfg = Release|Any CPU
		{954E9BA4-07DE-4CF2-879F-9CD114BF0893}.Release|x86.Build.0 = Release|Any CPU
	EndGlobalSection
	GlobalSection(SolutionProperties) = preSolution
		HideSolutionNode = FALSE
	EndGlobalSection
	GlobalSection(NestedProjects) = preSolution
		{D83B4F46-5842-4C7D-A07D-A9B0F5BB1D30} = {5FE38CBF-45CC-D7F5-FBDC-06C5BE00DFE3}
		{954E9BA4-07DE-4CF2-879F-9CD114BF0893} = {910C9397-1A78-4A8B-B2FD-883B03927110}
	EndGlobalSection
	GlobalSection(ExtensibilityGlobals) = postSolution
		SolutionGuid = {6025212C-DC75-44AC-96EB-F80D7DCB1FCC}
	EndGlobalSection
EndGlobal
