
Microsoft Visual Studio Solution File, Format Version 12.00
# Visual Studio Version 17
VisualStudioVersion = 17.5.2.0
MinimumVisualStudioVersion = 10.0.40219.1
Project("{2150E333-8FDC-42A3-9474-1A3956D46DE8}") = "Axis", "Axis", "{F2D65B4B-7FA8-1078-9BA1-935957737EF4}"
EndProject
Project("{FAE04EC0-301F-11D3-BF4B-00C04F79EFBC}") = "Axis.ECS", "src\Axis.ECS\Axis.ECS.csproj", "{0986A0C6-0899-4324-8FFF-C95FE798457F}"
EndProject
Project("{FAE04EC0-301F-11D3-BF4B-00C04F79EFBC}") = "Axis.Core", "src\Axis.Core\Axis.Core.csproj", "{0E61DF05-DB21-416E-AF73-107ACFE7592C}"
EndProject
Project("{FAE04EC0-301F-11D3-BF4B-00C04F79EFBC}") = "Axis.ECS.Tests", "src\Axis.ECS.Tests\Axis.ECS.Tests.csproj", "{799F10B9-B8DF-47AA-948E-D3E45A284885}"
EndProject
Project("{FAE04EC0-301F-11D3-BF4B-00C04F79EFBC}") = "Axis.Core.Tests", "src\Axis.Core.Tests\Axis.Core.Tests.csproj", "{00DF8C44-2EE8-4F53-ADC4-079F1C1D7F40}"
EndProject
Project("{2150E333-8FDC-42A3-9474-1A3956D46DE8}") = "Games", "Games", "{04252BA6-B404-FD3B-81B5-D989EEE58EED}"
EndProject
Project("{FAE04EC0-301F-11D3-BF4B-00C04F79EFBC}") = "Axis.Engine", "src\Axis.Engine\Axis.Engine.csproj", "{DF2A4E65-8CEF-467E-9A5F-D43105AD1BCF}"
EndProject
Project("{FAE04EC0-301F-11D3-BF4B-00C04F79EFBC}") = "Axis.Engine.Tests", "src\Axis.Engine.Tests\Axis.Engine.Tests.csproj", "{9F01D7ED-ACF8-4A28-8B4E-679CFB37F398}"
EndProject
Project("{FAE04EC0-301F-11D3-BF4B-00C04F79EFBC}") = "PingPong", "games\PingPong\PingPong.csproj", "{77678D65-A41F-40DD-A6EE-99BCEB39594C}"
EndProject
Project("{FAE04EC0-301F-11D3-BF4B-00C04F79EFBC}") = "Axis.ECS.Generators", "src\Axis.ECS.Generators\Axis.ECS.Generators.csproj", "{BF1992A9-4B07-4189-A65B-E40903B259A8}"
EndProject
Global
	GlobalSection(SolutionConfigurationPlatforms) = preSolution
		Debug|Any CPU = Debug|Any CPU
		Debug|x64 = Debug|x64
		Debug|x86 = Debug|x86
		Release|Any CPU = Release|Any CPU
		Release|x64 = Release|x64
		Release|x86 = Release|x86
	EndGlobalSection
	GlobalSection(ProjectConfigurationPlatforms) = postSolution
		{0986A0C6-0899-4324-8FFF-C95FE798457F}.Debug|Any CPU.ActiveCfg = Debug|Any CPU
		{0986A0C6-0899-4324-8FFF-C95FE798457F}.Debug|Any CPU.Build.0 = Debug|Any CPU
		{0986A0C6-0899-4324-8FFF-C95FE798457F}.Debug|x64.ActiveCfg = Debug|Any CPU
		{0986A0C6-0899-4324-8FFF-C95FE798457F}.Debug|x64.Build.0 = Debug|Any CPU
		{0986A0C6-0899-4324-8FFF-C95FE798457F}.Debug|x86.ActiveCfg = Debug|Any CPU
		{0986A0C6-0899-4324-8FFF-C95FE798457F}.Debug|x86.Build.0 = Debug|Any CPU
		{0986A0C6-0899-4324-8FFF-C95FE798457F}.Release|Any CPU.ActiveCfg = Release|Any CPU
		{0986A0C6-0899-4324-8FFF-C95FE798457F}.Release|Any CPU.Build.0 = Release|Any CPU
		{0986A0C6-0899-4324-8FFF-C95FE798457F}.Release|x64.ActiveCfg = Release|Any CPU
		{0986A0C6-0899-4324-8FFF-C95FE798457F}.Release|x64.Build.0 = Release|Any CPU
		{0986A0C6-0899-4324-8FFF-C95FE798457F}.Release|x86.ActiveCfg = Release|Any CPU
		{0986A0C6-0899-4324-8FFF-C95FE798457F}.Release|x86.Build.0 = Release|Any CPU
		{0E61DF05-DB21-416E-AF73-107ACFE7592C}.Debug|Any CPU.ActiveCfg = Debug|Any CPU
		{0E61DF05-DB21-416E-AF73-107ACFE7592C}.Debug|Any CPU.Build.0 = Debug|Any CPU
		{0E61DF05-DB21-416E-AF73-107ACFE7592C}.Debug|x64.ActiveCfg = Debug|Any CPU
		{0E61DF05-DB21-416E-AF73-107ACFE7592C}.Debug|x64.Build.0 = Debug|Any CPU
		{0E61DF05-DB21-416E-AF73-107ACFE7592C}.Debug|x86.ActiveCfg = Debug|Any CPU
		{0E61DF05-DB21-416E-AF73-107ACFE7592C}.Debug|x86.Build.0 = Debug|Any CPU
		{0E61DF05-DB21-416E-AF73-107ACFE7592C}.Release|Any CPU.ActiveCfg = Release|Any CPU
		{0E61DF05-DB21-416E-AF73-107ACFE7592C}.Release|Any CPU.Build.0 = Release|Any CPU
		{0E61DF05-DB21-416E-AF73-107ACFE7592C}.Release|x64.ActiveCfg = Release|Any CPU
		{0E61DF05-DB21-416E-AF73-107ACFE7592C}.Release|x64.Build.0 = Release|Any CPU
		{0E61DF05-DB21-416E-AF73-107ACFE7592C}.Release|x86.ActiveCfg = Release|Any CPU
		{0E61DF05-DB21-416E-AF73-107ACFE7592C}.Release|x86.Build.0 = Release|Any CPU
		{799F10B9-B8DF-47AA-948E-D3E45A284885}.Debug|Any CPU.ActiveCfg = Debug|Any CPU
		{799F10B9-B8DF-47AA-948E-D3E45A284885}.Debug|Any CPU.Build.0 = Debug|Any CPU
		{799F10B9-B8DF-47AA-948E-D3E45A284885}.Debug|x64.ActiveCfg = Debug|Any CPU
		{799F10B9-B8DF-47AA-948E-D3E45A284885}.Debug|x64.Build.0 = Debug|Any CPU
		{799F10B9-B8DF-47AA-948E-D3E45A284885}.Debug|x86.ActiveCfg = Debug|Any CPU
		{799F10B9-B8DF-47AA-948E-D3E45A284885}.Debug|x86.Build.0 = Debug|Any CPU
		{799F10B9-B8DF-47AA-948E-D3E45A284885}.Release|Any CPU.ActiveCfg = Release|Any CPU
		{799F10B9-B8DF-47AA-948E-D3E45A284885}.Release|Any CPU.Build.0 = Release|Any CPU
		{799F10B9-B8DF-47AA-948E-D3E45A284885}.Release|x64.ActiveCfg = Release|Any CPU
		{799F10B9-B8DF-47AA-948E-D3E45A284885}.Release|x64.Build.0 = Release|Any CPU
		{799F10B9-B8DF-47AA-948E-D3E45A284885}.Release|x86.ActiveCfg = Release|Any CPU
		{799F10B9-B8DF-47AA-948E-D3E45A284885}.Release|x86.Build.0 = Release|Any CPU
		{00DF8C44-2EE8-4F53-ADC4-079F1C1D7F40}.Debug|Any CPU.ActiveCfg = Debug|Any CPU
		{00DF8C44-2EE8-4F53-ADC4-079F1C1D7F40}.Debug|Any CPU.Build.0 = Debug|Any CPU
		{00DF8C44-2EE8-4F53-ADC4-079F1C1D7F40}.Debug|x64.ActiveCfg = Debug|Any CPU
		{00DF8C44-2EE8-4F53-ADC4-079F1C1D7F40}.Debug|x64.Build.0 = Debug|Any CPU
		{00DF8C44-2EE8-4F53-ADC4-079F1C1D7F40}.Debug|x86.ActiveCfg = Debug|Any CPU
		{00DF8C44-2EE8-4F53-ADC4-079F1C1D7F40}.Debug|x86.Build.0 = Debug|Any CPU
		{00DF8C44-2EE8-4F53-ADC4-079F1C1D7F40}.Release|Any CPU.ActiveCfg = Release|Any CPU
		{00DF8C44-2EE8-4F53-ADC4-079F1C1D7F40}.Release|Any CPU.Build.0 = Release|Any CPU
		{00DF8C44-2EE8-4F53-ADC4-079F1C1D7F40}.Release|x64.ActiveCfg = Release|Any CPU
		{00DF8C44-2EE8-4F53-ADC4-079F1C1D7F40}.Release|x64.Build.0 = Release|Any CPU
		{00DF8C44-2EE8-4F53-ADC4-079F1C1D7F40}.Release|x86.ActiveCfg = Release|Any CPU
		{00DF8C44-2EE8-4F53-ADC4-079F1C1D7F40}.Release|x86.Build.0 = Release|Any CPU
		{DF2A4E65-8CEF-467E-9A5F-D43105AD1BCF}.Debug|Any CPU.ActiveCfg = Debug|Any CPU
		{DF2A4E65-8CEF-467E-9A5F-D43105AD1BCF}.Debug|Any CPU.Build.0 = Debug|Any CPU
		{DF2A4E65-8CEF-467E-9A5F-D43105AD1BCF}.Debug|x64.ActiveCfg = Debug|Any CPU
		{DF2A4E65-8CEF-467E-9A5F-D43105AD1BCF}.Debug|x64.Build.0 = Debug|Any CPU
		{DF2A4E65-8CEF-467E-9A5F-D43105AD1BCF}.Debug|x86.ActiveCfg = Debug|Any CPU
		{DF2A4E65-8CEF-467E-9A5F-D43105AD1BCF}.Debug|x86.Build.0 = Debug|Any CPU
		{DF2A4E65-8CEF-467E-9A5F-D43105AD1BCF}.Release|Any CPU.ActiveCfg = Release|Any CPU
		{DF2A4E65-8CEF-467E-9A5F-D43105AD1BCF}.Release|Any CPU.Build.0 = Release|Any CPU
		{DF2A4E65-8CEF-467E-9A5F-D43105AD1BCF}.Release|x64.ActiveCfg = Release|Any CPU
		{DF2A4E65-8CEF-467E-9A5F-D43105AD1BCF}.Release|x64.Build.0 = Release|Any CPU
		{DF2A4E65-8CEF-467E-9A5F-D43105AD1BCF}.Release|x86.ActiveCfg = Release|Any CPU
		{DF2A4E65-8CEF-467E-9A5F-D43105AD1BCF}.Release|x86.Build.0 = Release|Any CPU
		{9F01D7ED-ACF8-4A28-8B4E-679CFB37F398}.Debug|Any CPU.ActiveCfg = Debug|Any CPU
		{9F01D7ED-ACF8-4A28-8B4E-679CFB37F398}.Debug|Any CPU.Build.0 = Debug|Any CPU
		{9F01D7ED-ACF8-4A28-8B4E-679CFB37F398}.Debug|x64.ActiveCfg = Debug|Any CPU
		{9F01D7ED-ACF8-4A28-8B4E-679CFB37F398}.Debug|x64.Build.0 = Debug|Any CPU
		{9F01D7ED-ACF8-4A28-8B4E-679CFB37F398}.Debug|x86.ActiveCfg = Debug|Any CPU
		{9F01D7ED-ACF8-4A28-8B4E-679CFB37F398}.Debug|x86.Build.0 = Debug|Any CPU
		{9F01D7ED-ACF8-4A28-8B4E-679CFB37F398}.Release|Any CPU.ActiveCfg = Release|Any CPU
		{9F01D7ED-ACF8-4A28-8B4E-679CFB37F398}.Release|Any CPU.Build.0 = Release|Any CPU
		{9F01D7ED-ACF8-4A28-8B4E-679CFB37F398}.Release|x64.ActiveCfg = Release|Any CPU
		{9F01D7ED-ACF8-4A28-8B4E-679CFB37F398}.Release|x64.Build.0 = Release|Any CPU
		{9F01D7ED-ACF8-4A28-8B4E-679CFB37F398}.Release|x86.ActiveCfg = Release|Any CPU
		{9F01D7ED-ACF8-4A28-8B4E-679CFB37F398}.Release|x86.Build.0 = Release|Any CPU
		{77678D65-A41F-40DD-A6EE-99BCEB39594C}.Debug|Any CPU.ActiveCfg = Debug|Any CPU
		{77678D65-A41F-40DD-A6EE-99BCEB39594C}.Debug|Any CPU.Build.0 = Debug|Any CPU
		{77678D65-A41F-40DD-A6EE-99BCEB39594C}.Debug|x64.ActiveCfg = Debug|Any CPU
		{77678D65-A41F-40DD-A6EE-99BCEB39594C}.Debug|x64.Build.0 = Debug|Any CPU
		{77678D65-A41F-40DD-A6EE-99BCEB39594C}.Debug|x86.ActiveCfg = Debug|Any CPU
		{77678D65-A41F-40DD-A6EE-99BCEB39594C}.Debug|x86.Build.0 = Debug|Any CPU
		{77678D65-A41F-40DD-A6EE-99BCEB39594C}.Release|Any CPU.ActiveCfg = Release|Any CPU
		{77678D65-A41F-40DD-A6EE-99BCEB39594C}.Release|Any CPU.Build.0 = Release|Any CPU
		{77678D65-A41F-40DD-A6EE-99BCEB39594C}.Release|x64.ActiveCfg = Release|Any CPU
		{77678D65-A41F-40DD-A6EE-99BCEB39594C}.Release|x64.Build.0 = Release|Any CPU
		{77678D65-A41F-40DD-A6EE-99BCEB39594C}.Release|x86.ActiveCfg = Release|Any CPU
		{77678D65-A41F-40DD-A6EE-99BCEB39594C}.Release|x86.Build.0 = Release|Any CPU
		{BF1992A9-4B07-4189-A65B-E40903B259A8}.Debug|Any CPU.ActiveCfg = Debug|Any CPU
		{BF1992A9-4B07-4189-A65B-E40903B259A8}.Debug|Any CPU.Build.0 = Debug|Any CPU
		{BF1992A9-4B07-4189-A65B-E40903B259A8}.Debug|x64.ActiveCfg = Debug|Any CPU
		{BF1992A9-4B07-4189-A65B-E40903B259A8}.Debug|x64.Build.0 = Debug|Any CPU
		{BF1992A9-4B07-4189-A65B-E40903B259A8}.Debug|x86.ActiveCfg = Debug|Any CPU
		{BF1992A9-4B07-4189-A65B-E40903B259A8}.Debug|x86.Build.0 = Debug|Any CPU
		{BF1992A9-4B07-4189-A65B-E40903B259A8}.Release|Any CPU.ActiveCfg = Release|Any CPU
		{BF1992A9-4B07-4189-A65B-E40903B259A8}.Release|Any CPU.Build.0 = Release|Any CPU
		{BF1992A9-4B07-4189-A65B-E40903B259A8}.Release|x64.ActiveCfg = Release|Any CPU
		{BF1992A9-4B07-4189-A65B-E40903B259A8}.Release|x64.Build.0 = Release|Any CPU
		{BF1992A9-4B07-4189-A65B-E40903B259A8}.Release|x86.ActiveCfg = Release|Any CPU
		{BF1992A9-4B07-4189-A65B-E40903B259A8}.Release|x86.Build.0 = Release|Any CPU
	EndGlobalSection
	GlobalSection(SolutionProperties) = preSolution
		HideSolutionNode = FALSE
	EndGlobalSection
	GlobalSection(NestedProjects) = preSolution
		{0986A0C6-0899-4324-8FFF-C95FE798457F} = {F2D65B4B-7FA8-1078-9BA1-935957737EF4}
		{0E61DF05-DB21-416E-AF73-107ACFE7592C} = {F2D65B4B-7FA8-1078-9BA1-935957737EF4}
		{799F10B9-B8DF-47AA-948E-D3E45A284885} = {F2D65B4B-7FA8-1078-9BA1-935957737EF4}
		{00DF8C44-2EE8-4F53-ADC4-079F1C1D7F40} = {F2D65B4B-7FA8-1078-9BA1-935957737EF4}
		{DF2A4E65-8CEF-467E-9A5F-D43105AD1BCF} = {F2D65B4B-7FA8-1078-9BA1-935957737EF4}
		{9F01D7ED-ACF8-4A28-8B4E-679CFB37F398} = {F2D65B4B-7FA8-1078-9BA1-935957737EF4}
		{77678D65-A41F-40DD-A6EE-99BCEB39594C} = {04252BA6-B404-FD3B-81B5-D989EEE58EED}
		{BF1992A9-4B07-4189-A65B-E40903B259A8} = {F2D65B4B-7FA8-1078-9BA1-935957737EF4}
	EndGlobalSection
	GlobalSection(ExtensibilityGlobals) = postSolution
		SolutionGuid = {6025212C-DC75-44AC-96EB-F80D7DCB1FCC}
	EndGlobalSection
EndGlobal
